// !$*UTF8*$!
{
	archiveVersion = 1;
	classes = {
	};
	objectVersion = 56;
	objects = {

/* Begin PBXBuildFile section */
		B792C1CE2CA4844E00BDB054 /* TriviaGameApp.swift in Sources */ = {isa = PBXBuildFile; fileRef = B792C1CD2CA4844E00BDB054 /* TriviaGameApp.swift */; };
		B792C1D02CA4844E00BDB054 /* TriviaView.swift in Sources */ = {isa = PBXBuildFile; fileRef = B792C1CF2CA4844E00BDB054 /* TriviaView.swift */; };
		B792C1D22CA4845000BDB054 /* Assets.xcassets in Resources */ = {isa = PBXBuildFile; fileRef = B792C1D12CA4845000BDB054 /* Assets.xcassets */; };
		B792C1D52CA4845000BDB054 /* Preview Assets.xcassets in Resources */ = {isa = PBXBuildFile; fileRef = B792C1D42CA4845000BDB054 /* Preview Assets.xcassets */; };
		B792C1E02CA4862E00BDB054 /* TriviaGameViewModel.swift in Sources */ = {isa = PBXBuildFile; fileRef = B792C1DF2CA4862E00BDB054 /* TriviaGameViewModel.swift */; };
		B792C1E22CA4867D00BDB054 /* TriviaQuestion.swift in Sources */ = {isa = PBXBuildFile; fileRef = B792C1E12CA4867D00BDB054 /* TriviaQuestion.swift */; };
		B792C1E42CA487CA00BDB054 /* Image.swift in Sources */ = {isa = PBXBuildFile; fileRef = B792C1E32CA487CA00BDB054 /* Image.swift */; };
		B792C1E62CA4AFC800BDB054 /* TriviaResponse.swift in Sources */ = {isa = PBXBuildFile; fileRef = B792C1E52CA4AFC800BDB054 /* TriviaResponse.swift */; };
		B792C1E82CA4B54900BDB054 /* UnsplashResponse.swift in Sources */ = {isa = PBXBuildFile; fileRef = B792C1E72CA4B54900BDB054 /* UnsplashResponse.swift */; };
		B7AE66432CADA92600675FFE /* String+HTMLDecoding.swift in Sources */ = {isa = PBXBuildFile; fileRef = B7AE66422CADA92600675FFE /* String+HTMLDecoding.swift */; };
		B7AF0A6A2CB71C1200D92AAF /* TriviaGameTests.swift in Sources */ = {isa = PBXBuildFile; fileRef = B7AF0A692CB71C1200D92AAF /* TriviaGameTests.swift */; };
/* End PBXBuildFile section */

/* Begin PBXContainerItemProxy section */
		B7AF0A6B2CB71C1200D92AAF /* PBXContainerItemProxy */ = {
			isa = PBXContainerItemProxy;
			containerPortal = B792C1C22CA4844E00BDB054 /* Project object */;
			proxyType = 1;
			remoteGlobalIDString = B792C1C92CA4844E00BDB054;
			remoteInfo = TriviaGame;
		};
/* End PBXContainerItemProxy section */

/* Begin PBXFileReference section */
		B792C1CA2CA4844E00BDB054 /* TriviaGame.app */ = {isa = PBXFileReference; explicitFileType = wrapper.application; includeInIndex = 0; path = TriviaGame.app; sourceTree = BUILT_PRODUCTS_DIR; };
		B792C1CD2CA4844E00BDB054 /* TriviaGameApp.swift */ = {isa = PBXFileReference; lastKnownFileType = sourcecode.swift; path = TriviaGameApp.swift; sourceTree = "<group>"; };
		B792C1CF2CA4844E00BDB054 /* TriviaView.swift */ = {isa = PBXFileReference; lastKnownFileType = sourcecode.swift; path = TriviaView.swift; sourceTree = "<group>"; };
		B792C1D12CA4845000BDB054 /* Assets.xcassets */ = {isa = PBXFileReference; lastKnownFileType = folder.assetcatalog; path = Assets.xcassets; sourceTree = "<group>"; };
		B792C1D42CA4845000BDB054 /* Preview Assets.xcassets */ = {isa = PBXFileReference; lastKnownFileType = folder.assetcatalog; path = "Preview Assets.xcassets"; sourceTree = "<group>"; };
		B792C1DF2CA4862E00BDB054 /* TriviaGameViewModel.swift */ = {isa = PBXFileReference; lastKnownFileType = sourcecode.swift; path = TriviaGameViewModel.swift; sourceTree = "<group>"; };
		B792C1E12CA4867D00BDB054 /* TriviaQuestion.swift */ = {isa = PBXFileReference; lastKnownFileType = sourcecode.swift; path = TriviaQuestion.swift; sourceTree = "<group>"; };
		B792C1E32CA487CA00BDB054 /* Image.swift */ = {isa = PBXFileReference; lastKnownFileType = sourcecode.swift; path = Image.swift; sourceTree = "<group>"; };
		B792C1E52CA4AFC800BDB054 /* TriviaResponse.swift */ = {isa = PBXFileReference; lastKnownFileType = sourcecode.swift; path = TriviaResponse.swift; sourceTree = "<group>"; };
		B792C1E72CA4B54900BDB054 /* UnsplashResponse.swift */ = {isa = PBXFileReference; lastKnownFileType = sourcecode.swift; path = UnsplashResponse.swift; sourceTree = "<group>"; };
		B7AE66422CADA92600675FFE /* String+HTMLDecoding.swift */ = {isa = PBXFileReference; lastKnownFileType = sourcecode.swift; path = "String+HTMLDecoding.swift"; sourceTree = "<group>"; };
		B7AF0A672CB71C1200D92AAF /* TriviaGameTests.xctest */ = {isa = PBXFileReference; explicitFileType = wrapper.cfbundle; includeInIndex = 0; path = TriviaGameTests.xctest; sourceTree = BUILT_PRODUCTS_DIR; };
		B7AF0A692CB71C1200D92AAF /* TriviaGameTests.swift */ = {isa = PBXFileReference; lastKnownFileType = sourcecode.swift; path = TriviaGameTests.swift; sourceTree = "<group>"; };
/* End PBXFileReference section */

/* Begin PBXFrameworksBuildPhase section */
		B792C1C72CA4844E00BDB054 /* Frameworks */ = {
			isa = PBXFrameworksBuildPhase;
			buildActionMask = 2147483647;
			files = (
			);
			runOnlyForDeploymentPostprocessing = 0;
		};
		B7AF0A642CB71C1200D92AAF /* Frameworks */ = {
			isa = PBXFrameworksBuildPhase;
			buildActionMask = 2147483647;
			files = (
			);
			runOnlyForDeploymentPostprocessing = 0;
		};
/* End PBXFrameworksBuildPhase section */

/* Begin PBXGroup section */
		B792C1C12CA4844E00BDB054 = {
			isa = PBXGroup;
			children = (
				B792C1CC2CA4844E00BDB054 /* TriviaGame */,
				B7AF0A682CB71C1200D92AAF /* TriviaGameTests */,
				B792C1CB2CA4844E00BDB054 /* Products */,
			);
			sourceTree = "<group>";
		};
		B792C1CB2CA4844E00BDB054 /* Products */ = {
			isa = PBXGroup;
			children = (
				B792C1CA2CA4844E00BDB054 /* TriviaGame.app */,
				B7AF0A672CB71C1200D92AAF /* TriviaGameTests.xctest */,
			);
			name = Products;
			sourceTree = "<group>";
		};
		B792C1CC2CA4844E00BDB054 /* TriviaGame */ = {
			isa = PBXGroup;
			children = (
				B7AE66412CADA90600675FFE /* Utils */,
				B792C1DE2CA4861400BDB054 /* ViewModel */,
				B792C1DC2CA4853600BDB054 /* Model */,
				B792C1DB2CA4852200BDB054 /* View */,
				B792C1CD2CA4844E00BDB054 /* TriviaGameApp.swift */,
				B792C1D12CA4845000BDB054 /* Assets.xcassets */,
				B792C1D32CA4845000BDB054 /* Preview Content */,
			);
			path = TriviaGame;
			sourceTree = "<group>";
		};
		B792C1D32CA4845000BDB054 /* Preview Content */ = {
			isa = PBXGroup;
			children = (
				B792C1D42CA4845000BDB054 /* Preview Assets.xcassets */,
			);
			path = "Preview Content";
			sourceTree = "<group>";
		};
		B792C1DB2CA4852200BDB054 /* View */ = {
			isa = PBXGroup;
			children = (
				B792C1CF2CA4844E00BDB054 /* TriviaView.swift */,
			);
			path = View;
			sourceTree = "<group>";
		};
		B792C1DC2CA4853600BDB054 /* Model */ = {
			isa = PBXGroup;
			children = (
				B792C1E12CA4867D00BDB054 /* TriviaQuestion.swift */,
				B792C1E32CA487CA00BDB054 /* Image.swift */,
				B792C1E52CA4AFC800BDB054 /* TriviaResponse.swift */,
				B792C1E72CA4B54900BDB054 /* UnsplashResponse.swift */,
			);
			path = Model;
			sourceTree = "<group>";
		};
		B792C1DE2CA4861400BDB054 /* ViewModel */ = {
			isa = PBXGroup;
			children = (
				B792C1DF2CA4862E00BDB054 /* TriviaGameViewModel.swift */,
			);
			path = ViewModel;
			sourceTree = "<group>";
		};
		B7AE66412CADA90600675FFE /* Utils */ = {
			isa = PBXGroup;
			children = (
				B7AE66422CADA92600675FFE /* String+HTMLDecoding.swift */,
			);
			path = Utils;
			sourceTree = "<group>";
		};
		B7AF0A682CB71C1200D92AAF /* TriviaGameTests */ = {
			isa = PBXGroup;
			children = (
				B7AF0A692CB71C1200D92AAF /* TriviaGameTests.swift */,
			);
			path = TriviaGameTests;
			sourceTree = "<group>";
		};
/* End PBXGroup section */

/* Begin PBXNativeTarget section */
		B792C1C92CA4844E00BDB054 /* TriviaGame */ = {
			isa = PBXNativeTarget;
			buildConfigurationList = B792C1D82CA4845000BDB054 /* Build configuration list for PBXNativeTarget "TriviaGame" */;
			buildPhases = (
				B792C1C62CA4844E00BDB054 /* Sources */,
				B792C1C72CA4844E00BDB054 /* Frameworks */,
				B792C1C82CA4844E00BDB054 /* Resources */,
			);
			buildRules = (
			);
			dependencies = (
			);
			name = TriviaGame;
			productName = TriviaGame;
			productReference = B792C1CA2CA4844E00BDB054 /* TriviaGame.app */;
			productType = "com.apple.product-type.application";
		};
		B7AF0A662CB71C1200D92AAF /* TriviaGameTests */ = {
			isa = PBXNativeTarget;
			buildConfigurationList = B7AF0A6F2CB71C1200D92AAF /* Build configuration list for PBXNativeTarget "TriviaGameTests" */;
			buildPhases = (
				B7AF0A632CB71C1200D92AAF /* Sources */,
				B7AF0A642CB71C1200D92AAF /* Frameworks */,
				B7AF0A652CB71C1200D92AAF /* Resources */,
			);
			buildRules = (
			);
			dependencies = (
				B7AF0A6C2CB71C1200D92AAF /* PBXTargetDependency */,
			);
			name = TriviaGameTests;
			productName = TriviaGameTests;
			productReference = B7AF0A672CB71C1200D92AAF /* TriviaGameTests.xctest */;
			productType = "com.apple.product-type.bundle.unit-test";
		};
/* End PBXNativeTarget section */

/* Begin PBXProject section */
		B792C1C22CA4844E00BDB054 /* Project object */ = {
			isa = PBXProject;
			attributes = {
				BuildIndependentTargetsInParallel = 1;
				LastSwiftUpdateCheck = 1540;
				LastUpgradeCheck = 1540;
				TargetAttributes = {
					B792C1C92CA4844E00BDB054 = {
						CreatedOnToolsVersion = 15.4;
					};
					B7AF0A662CB71C1200D92AAF = {
						CreatedOnToolsVersion = 15.4;
						TestTargetID = B792C1C92CA4844E00BDB054;
					};
				};
			};
			buildConfigurationList = B792C1C52CA4844E00BDB054 /* Build configuration list for PBXProject "TriviaGame" */;
			compatibilityVersion = "Xcode 14.0";
			developmentRegion = en;
			hasScannedForEncodings = 0;
			knownRegions = (
				en,
				Base,
			);
			mainGroup = B792C1C12CA4844E00BDB054;
			productRefGroup = B792C1CB2CA4844E00BDB054 /* Products */;
			projectDirPath = "";
			projectRoot = "";
			targets = (
				B792C1C92CA4844E00BDB054 /* TriviaGame */,
				B7AF0A662CB71C1200D92AAF /* TriviaGameTests */,
			);
		};
/* End PBXProject section */

/* Begin PBXResourcesBuildPhase section */
		B792C1C82CA4844E00BDB054 /* Resources */ = {
			isa = PBXResourcesBuildPhase;
			buildActionMask = 2147483647;
			files = (
				B792C1D52CA4845000BDB054 /* Preview Assets.xcassets in Resources */,
				B792C1D22CA4845000BDB054 /* Assets.xcassets in Resources */,
			);
			runOnlyForDeploymentPostprocessing = 0;
		};
		B7AF0A652CB71C1200D92AAF /* Resources */ = {
			isa = PBXResourcesBuildPhase;
			buildActionMask = 2147483647;
			files = (
			);
			runOnlyForDeploymentPostprocessing = 0;
		};
/* End PBXResourcesBuildPhase section */

/* Begin PBXSourcesBuildPhase section */
		B792C1C62CA4844E00BDB054 /* Sources */ = {
			isa = PBXSourcesBuildPhase;
			buildActionMask = 2147483647;
			files = (
				B7AE66432CADA92600675FFE /* String+HTMLDecoding.swift in Sources */,
				B792C1D02CA4844E00BDB054 /* TriviaView.swift in Sources */,
				B792C1CE2CA4844E00BDB054 /* TriviaGameApp.swift in Sources */,
				B792C1E22CA4867D00BDB054 /* TriviaQuestion.swift in Sources */,
				B792C1E02CA4862E00BDB054 /* TriviaGameViewModel.swift in Sources */,
				B792C1E82CA4B54900BDB054 /* UnsplashResponse.swift in Sources */,
				B792C1E42CA487CA00BDB054 /* Image.swift in Sources */,
				B792C1E62CA4AFC800BDB054 /* TriviaResponse.swift in Sources */,
			);
			runOnlyForDeploymentPostprocessing = 0;
		};
		B7AF0A632CB71C1200D92AAF /* Sources */ = {
			isa = PBXSourcesBuildPhase;
			buildActionMask = 2147483647;
			files = (
				B7AF0A6A2CB71C1200D92AAF /* TriviaGameTests.swift in Sources */,
			);
			runOnlyForDeploymentPostprocessing = 0;
		};
/* End PBXSourcesBuildPhase section */

/* Begin PBXTargetDependency section */
		B7AF0A6C2CB71C1200D92AAF /* PBXTargetDependency */ = {
			isa = PBXTargetDependency;
			target = B792C1C92CA4844E00BDB054 /* TriviaGame */;
			targetProxy = B7AF0A6B2CB71C1200D92AAF /* PBXContainerItemProxy */;
		};
/* End PBXTargetDependency section */

/* Begin XCBuildConfiguration section */
		B792C1D62CA4845000BDB054 /* Debug */ = {
			isa = XCBuildConfiguration;
			buildSettings = {
				ALWAYS_SEARCH_USER_PATHS = NO;
				ASSETCATALOG_COMPILER_GENERATE_SWIFT_ASSET_SYMBOL_EXTENSIONS = YES;
				CLANG_ANALYZER_NONNULL = YES;
				CLANG_ANALYZER_NUMBER_OBJECT_CONVERSION = YES_AGGRESSIVE;
				CLANG_CXX_LANGUAGE_STANDARD = "gnu++20";
				CLANG_ENABLE_MODULES = YES;
				CLANG_ENABLE_OBJC_ARC = YES;
				CLANG_ENABLE_OBJC_WEAK = YES;
				CLANG_WARN_BLOCK_CAPTURE_AUTORELEASING = YES;
				CLANG_WARN_BOOL_CONVERSION = YES;
				CLANG_WARN_COMMA = YES;
				CLANG_WARN_CONSTANT_CONVERSION = YES;
				CLANG_WARN_DEPRECATED_OBJC_IMPLEMENTATIONS = YES;
				CLANG_WARN_DIRECT_OBJC_ISA_USAGE = YES_ERROR;
				CLANG_WARN_DOCUMENTATION_COMMENTS = YES;
				CLANG_WARN_EMPTY_BODY = YES;
				CLANG_WARN_ENUM_CONVERSION = YES;
				CLANG_WARN_INFINITE_RECURSION = YES;
				CLANG_WARN_INT_CONVERSION = YES;
				CLANG_WARN_NON_LITERAL_NULL_CONVERSION = YES;
				CLANG_WARN_OBJC_IMPLICIT_RETAIN_SELF = YES;
				CLANG_WARN_OBJC_LITERAL_CONVERSION = YES;
				CLANG_WARN_OBJC_ROOT_CLASS = YES_ERROR;
				CLANG_WARN_QUOTED_INCLUDE_IN_FRAMEWORK_HEADER = YES;
				CLANG_WARN_RANGE_LOOP_ANALYSIS = YES;
				CLANG_WARN_STRICT_PROTOTYPES = YES;
				CLANG_WARN_SUSPICIOUS_MOVE = YES;
				CLANG_WARN_UNGUARDED_AVAILABILITY = YES_AGGRESSIVE;
				CLANG_WARN_UNREACHABLE_CODE = YES;
				CLANG_WARN__DUPLICATE_METHOD_MATCH = YES;
				COPY_PHASE_STRIP = NO;
				DEBUG_INFORMATION_FORMAT = dwarf;
				ENABLE_STRICT_OBJC_MSGSEND = YES;
				ENABLE_TESTABILITY = YES;
				ENABLE_USER_SCRIPT_SANDBOXING = YES;
				GCC_C_LANGUAGE_STANDARD = gnu17;
				GCC_DYNAMIC_NO_PIC = NO;
				GCC_NO_COMMON_BLOCKS = YES;
				GCC_OPTIMIZATION_LEVEL = 0;
				GCC_PREPROCESSOR_DEFINITIONS = (
					"DEBUG=1",
					"$(inherited)",
				);
				GCC_WARN_64_TO_32_BIT_CONVERSION = YES;
				GCC_WARN_ABOUT_RETURN_TYPE = YES_ERROR;
				GCC_WARN_UNDECLARED_SELECTOR = YES;
				GCC_WARN_UNINITIALIZED_AUTOS = YES_AGGRESSIVE;
				GCC_WARN_UNUSED_FUNCTION = YES;
				GCC_WARN_UNUSED_VARIABLE = YES;
				IPHONEOS_DEPLOYMENT_TARGET = 17.5;
				LOCALIZATION_PREFERS_STRING_CATALOGS = YES;
				MTL_ENABLE_DEBUG_INFO = INCLUDE_SOURCE;
				MTL_FAST_MATH = YES;
				ONLY_ACTIVE_ARCH = YES;
				SDKROOT = iphoneos;
				SWIFT_ACTIVE_COMPILATION_CONDITIONS = "DEBUG $(inherited)";
				SWIFT_OPTIMIZATION_LEVEL = "-Onone";
			};
			name = Debug;
		};
		B792C1D72CA4845000BDB054 /* Release */ = {
			isa = XCBuildConfiguration;
			buildSettings = {
				ALWAYS_SEARCH_USER_PATHS = NO;
				ASSETCATALOG_COMPILER_GENERATE_SWIFT_ASSET_SYMBOL_EXTENSIONS = YES;
				CLANG_ANALYZER_NONNULL = YES;
				CLANG_ANALYZER_NUMBER_OBJECT_CONVERSION = YES_AGGRESSIVE;
				CLANG_CXX_LANGUAGE_STANDARD = "gnu++20";
				CLANG_ENABLE_MODULES = YES;
				CLANG_ENABLE_OBJC_ARC = YES;
				CLANG_ENABLE_OBJC_WEAK = YES;
				CLANG_WARN_BLOCK_CAPTURE_AUTORELEASING = YES;
				CLANG_WARN_BOOL_CONVERSION = YES;
				CLANG_WARN_COMMA = YES;
				CLANG_WARN_CONSTANT_CONVERSION = YES;
				CLANG_WARN_DEPRECATED_OBJC_IMPLEMENTATIONS = YES;
				CLANG_WARN_DIRECT_OBJC_ISA_USAGE = YES_ERROR;
				CLANG_WARN_DOCUMENTATION_COMMENTS = YES;
				CLANG_WARN_EMPTY_BODY = YES;
				CLANG_WARN_ENUM_CONVERSION = YES;
				CLANG_WARN_INFINITE_RECURSION = YES;
				CLANG_WARN_INT_CONVERSION = YES;
				CLANG_WARN_NON_LITERAL_NULL_CONVERSION = YES;
				CLANG_WARN_OBJC_IMPLICIT_RETAIN_SELF = YES;
				CLANG_WARN_OBJC_LITERAL_CONVERSION = YES;
				CLANG_WARN_OBJC_ROOT_CLASS = YES_ERROR;
				CLANG_WARN_QUOTED_INCLUDE_IN_FRAMEWORK_HEADER = YES;
				CLANG_WARN_RANGE_LOOP_ANALYSIS = YES;
				CLANG_WARN_STRICT_PROTOTYPES = YES;
				CLANG_WARN_SUSPICIOUS_MOVE = YES;
				CLANG_WARN_UNGUARDED_AVAILABILITY = YES_AGGRESSIVE;
				CLANG_WARN_UNREACHABLE_CODE = YES;
				CLANG_WARN__DUPLICATE_METHOD_MATCH = YES;
				COPY_PHASE_STRIP = NO;
				DEBUG_INFORMATION_FORMAT = "dwarf-with-dsym";
				ENABLE_NS_ASSERTIONS = NO;
				ENABLE_STRICT_OBJC_MSGSEND = YES;
				ENABLE_USER_SCRIPT_SANDBOXING = YES;
				GCC_C_LANGUAGE_STANDARD = gnu17;
				GCC_NO_COMMON_BLOCKS = YES;
				GCC_WARN_64_TO_32_BIT_CONVERSION = YES;
				GCC_WARN_ABOUT_RETURN_TYPE = YES_ERROR;
				GCC_WARN_UNDECLARED_SELECTOR = YES;
				GCC_WARN_UNINITIALIZED_AUTOS = YES_AGGRESSIVE;
				GCC_WARN_UNUSED_FUNCTION = YES;
				GCC_WARN_UNUSED_VARIABLE = YES;
				IPHONEOS_DEPLOYMENT_TARGET = 17.5;
				LOCALIZATION_PREFERS_STRING_CATALOGS = YES;
				MTL_ENABLE_DEBUG_INFO = NO;
				MTL_FAST_MATH = YES;
				SDKROOT = iphoneos;
				SWIFT_COMPILATION_MODE = wholemodule;
				VALIDATE_PRODUCT = YES;
			};
			name = Release;
		};
		B792C1D92CA4845000BDB054 /* Debug */ = {
			isa = XCBuildConfiguration;
			buildSettings = {
				ASSETCATALOG_COMPILER_APPICON_NAME = AppIcon;
				ASSETCATALOG_COMPILER_GLOBAL_ACCENT_COLOR_NAME = AccentColor;
				CODE_SIGN_STYLE = Automatic;
				CURRENT_PROJECT_VERSION = 1;
				DEVELOPMENT_ASSET_PATHS = "\"TriviaGame/Preview Content\"";
				DEVELOPMENT_TEAM = NLNXHAN272;
				ENABLE_PREVIEWS = YES;
				GENERATE_INFOPLIST_FILE = YES;
				INFOPLIST_KEY_UIApplicationSceneManifest_Generation = YES;
				INFOPLIST_KEY_UIApplicationSupportsIndirectInputEvents = YES;
				INFOPLIST_KEY_UILaunchScreen_Generation = YES;
				INFOPLIST_KEY_UISupportedInterfaceOrientations_iPad = "UIInterfaceOrientationPortrait UIInterfaceOrientationPortraitUpsideDown UIInterfaceOrientationLandscapeLeft UIInterfaceOrientationLandscapeRight";
				INFOPLIST_KEY_UISupportedInterfaceOrientations_iPhone = "UIInterfaceOrientationPortrait UIInterfaceOrientationLandscapeLeft UIInterfaceOrientationLandscapeRight";
				LD_RUNPATH_SEARCH_PATHS = (
					"$(inherited)",
					"@executable_path/Frameworks",
				);
				MARKETING_VERSION = 1.0;
				PRODUCT_BUNDLE_IDENTIFIER = leandropacheco.TriviaGame;
				PRODUCT_NAME = "$(TARGET_NAME)";
				SWIFT_EMIT_LOC_STRINGS = YES;
				SWIFT_VERSION = 5.0;
				TARGETED_DEVICE_FAMILY = "1,2";
			};
			name = Debug;
		};
		B792C1DA2CA4845000BDB054 /* Release */ = {
			isa = XCBuildConfiguration;
			buildSettings = {
				ASSETCATALOG_COMPILER_APPICON_NAME = AppIcon;
				ASSETCATALOG_COMPILER_GLOBAL_ACCENT_COLOR_NAME = AccentColor;
				CODE_SIGN_STYLE = Automatic;
				CURRENT_PROJECT_VERSION = 1;
				DEVELOPMENT_ASSET_PATHS = "\"TriviaGame/Preview Content\"";
				DEVELOPMENT_TEAM = NLNXHAN272;
				ENABLE_PREVIEWS = YES;
				GENERATE_INFOPLIST_FILE = YES;
				INFOPLIST_KEY_UIApplicationSceneManifest_Generation = YES;
				INFOPLIST_KEY_UIApplicationSupportsIndirectInputEvents = YES;
				INFOPLIST_KEY_UILaunchScreen_Generation = YES;
				INFOPLIST_KEY_UISupportedInterfaceOrientations_iPad = "UIInterfaceOrientationPortrait UIInterfaceOrientationPortraitUpsideDown UIInterfaceOrientationLandscapeLeft UIInterfaceOrientationLandscapeRight";
				INFOPLIST_KEY_UISupportedInterfaceOrientations_iPhone = "UIInterfaceOrientationPortrait UIInterfaceOrientationLandscapeLeft UIInterfaceOrientationLandscapeRight";
				LD_RUNPATH_SEARCH_PATHS = (
					"$(inherited)",
					"@executable_path/Frameworks",
				);
				MARKETING_VERSION = 1.0;
				PRODUCT_BUNDLE_IDENTIFIER = leandropacheco.TriviaGame;
				PRODUCT_NAME = "$(TARGET_NAME)";
				SWIFT_EMIT_LOC_STRINGS = YES;
				SWIFT_VERSION = 5.0;
				TARGETED_DEVICE_FAMILY = "1,2";
			};
			name = Release;
		};
		B7AF0A6D2CB71C1200D92AAF /* Debug */ = {
			isa = XCBuildConfiguration;
			buildSettings = {
				BUNDLE_LOADER = "$(TEST_HOST)";
				CODE_SIGN_STYLE = Automatic;
				CURRENT_PROJECT_VERSION = 1;
				DEVELOPMENT_TEAM = NLNXHAN272;
				GENERATE_INFOPLIST_FILE = YES;
				MARKETING_VERSION = 1.0;
				PRODUCT_BUNDLE_IDENTIFIER = leandropacheco.TriviaGameTests;
				PRODUCT_NAME = "$(TARGET_NAME)";
				SWIFT_EMIT_LOC_STRINGS = NO;
				SWIFT_VERSION = 5.0;
				TARGETED_DEVICE_FAMILY = "1,2";
				TEST_HOST = "$(BUILT_PRODUCTS_DIR)/TriviaGame.app/$(BUNDLE_EXECUTABLE_FOLDER_PATH)/TriviaGame";
			};
			name = Debug;
		};
		B7AF0A6E2CB71C1200D92AAF /* Release */ = {
			isa = XCBuildConfiguration;
			buildSettings = {
				BUNDLE_LOADER = "$(TEST_HOST)";
				CODE_SIGN_STYLE = Automatic;
				CURRENT_PROJECT_VERSION = 1;
				DEVELOPMENT_TEAM = NLNXHAN272;
				GENERATE_INFOPLIST_FILE = YES;
				MARKETING_VERSION = 1.0;
				PRODUCT_BUNDLE_IDENTIFIER = leandropacheco.TriviaGameTests;
				PRODUCT_NAME = "$(TARGET_NAME)";
				SWIFT_EMIT_LOC_STRINGS = NO;
				SWIFT_VERSION = 5.0;
				TARGETED_DEVICE_FAMILY = "1,2";
				TEST_HOST = "$(BUILT_PRODUCTS_DIR)/TriviaGame.app/$(BUNDLE_EXECUTABLE_FOLDER_PATH)/TriviaGame";
			};
			name = Release;
		};
/* End XCBuildConfiguration section */

/* Begin XCConfigurationList section */
		B792C1C52CA4844E00BDB054 /* Build configuration list for PBXProject "TriviaGame" */ = {
			isa = XCConfigurationList;
			buildConfigurations = (
				B792C1D62CA4845000BDB054 /* Debug */,
				B792C1D72CA4845000BDB054 /* Release */,
			);
			defaultConfigurationIsVisible = 0;
			defaultConfigurationName = Release;
		};
		B792C1D82CA4845000BDB054 /* Build configuration list for PBXNativeTarget "TriviaGame" */ = {
			isa = XCConfigurationList;
			buildConfigurations = (
				B792C1D92CA4845000BDB054 /* Debug */,
				B792C1DA2CA4845000BDB054 /* Release */,
			);
			defaultConfigurationIsVisible = 0;
			defaultConfigurationName = Release;
		};
		B7AF0A6F2CB71C1200D92AAF /* Build configuration list for PBXNativeTarget "TriviaGameTests" */ = {
			isa = XCConfigurationList;
			buildConfigurations = (
				B7AF0A6D2CB71C1200D92AAF /* Debug */,
				B7AF0A6E2CB71C1200D92AAF /* Release */,
			);
			defaultConfigurationIsVisible = 0;
			defaultConfigurationName = Release;
		};
/* End XCConfigurationList section */
	};
	rootObject = B792C1C22CA4844E00BDB054 /* Project object */;
}
